
Microsoft Visual Studio Solution File, Format Version 12.00
# Visual Studio Version 17
VisualStudioVersion = 17.7.34202.233
MinimumVisualStudioVersion = 10.0.40219.1
Project("{FAE04EC0-301F-11D3-BF4B-00C04F79EFBC}") = "Car Rental VG", "Car Rental VG\Car Rental VG.csproj", "{5350D6A5-A81C-43B9-9FC3-4245630B2398}"
EndProject
Project("{FAE04EC0-301F-11D3-BF4B-00C04F79EFBC}") = "Car Rental.Business", "Car Rental.Business\Car Rental.Business.csproj", "{D74D640B-38AE-4832-9E13-954267139B9A}"
EndProject
Project("{FAE04EC0-301F-11D3-BF4B-00C04F79EFBC}") = "Car Rental.Common", "Car Rental.Common\Car Rental.Common.csproj", "{8EA6BE9D-AAB7-4634-AC05-EC3DB8C620C4}"
EndProject
Project("{FAE04EC0-301F-11D3-BF4B-00C04F79EFBC}") = "Car Rental.Data", "Car Rental.Data\Car Rental.Data.csproj", "{A983647F-900E-4036-BE59-E87FA82F1DC4}"
EndProject
Global
	GlobalSection(SolutionConfigurationPlatforms) = preSolution
		Debug|Any CPU = Debug|Any CPU
		Release|Any CPU = Release|Any CPU
	EndGlobalSection
	GlobalSection(ProjectConfigurationPlatforms) = postSolution
		{5350D6A5-A81C-43B9-9FC3-4245630B2398}.Debug|Any CPU.ActiveCfg = Debug|Any CPU
		{5350D6A5-A81C-43B9-9FC3-4245630B2398}.Debug|Any CPU.Build.0 = Debug|Any CPU
		{5350D6A5-A81C-43B9-9FC3-4245630B2398}.Release|Any CPU.ActiveCfg = Release|Any CPU
		{5350D6A5-A81C-43B9-9FC3-4245630B2398}.Release|Any CPU.Build.0 = Release|Any CPU
		{D74D640B-38AE-4832-9E13-954267139B9A}.Debug|Any CPU.ActiveCfg = Debug|Any CPU
		{D74D640B-38AE-4832-9E13-954267139B9A}.Debug|Any CPU.Build.0 = Debug|Any CPU
		{D74D640B-38AE-4832-9E13-954267139B9A}.Release|Any CPU.ActiveCfg = Release|Any CPU
		{D74D640B-38AE-4832-9E13-954267139B9A}.Release|Any CPU.Build.0 = Release|Any CPU
		{8EA6BE9D-AAB7-4634-AC05-EC3DB8C620C4}.Debug|Any CPU.ActiveCfg = Debug|Any CPU
		{8EA6BE9D-AAB7-4634-AC05-EC3DB8C620C4}.Debug|Any CPU.Build.0 = Debug|Any CPU
		{8EA6BE9D-AAB7-4634-AC05-EC3DB8C620C4}.Release|Any CPU.ActiveCfg = Release|Any CPU
		{8EA6BE9D-AAB7-4634-AC05-EC3DB8C620C4}.Release|Any CPU.Build.0 = Release|Any CPU
		{A983647F-900E-4036-BE59-E87FA82F1DC4}.Debug|Any CPU.ActiveCfg = Debug|Any CPU
		{A983647F-900E-4036-BE59-E87FA82F1DC4}.Debug|Any CPU.Build.0 = Debug|Any CPU
		{A983647F-900E-4036-BE59-E87FA82F1DC4}.Release|Any CPU.ActiveCfg = Release|Any CPU
		{A983647F-900E-4036-BE59-E87FA82F1DC4}.Release|Any CPU.Build.0 = Release|Any CPU
	EndGlobalSection
	GlobalSection(SolutionProperties) = preSolution
		HideSolutionNode = FALSE
	EndGlobalSection
	GlobalSection(ExtensibilityGlobals) = postSolution
		SolutionGuid = {F2610DD0-282A-469F-B4F7-B67A2F2A20DE}
	EndGlobalSection
EndGlobal
